Microsoft Visual Studio Solution File, Format Version 11.00
# Visual Studio 2008

Project("{2A9BE766-22AC-67FF-EDC5-CA0F62F27C9D}") = "RPG_Final_Project", "Assembly-CSharp.csproj", "{01195DD8-1C53-5EFC-5D42-69370A32AA2A}"
EndProject
Project("{2A9BE766-22AC-67FF-EDC5-CA0F62F27C9D}") = "RPG_Final_Project", "Assembly-CSharp-Editor.csproj", "{15D11C45-252F-7553-BAF1-4657DA3C7581}"
EndProject
Global
	GlobalSection(SolutionConfigurationPlatforms) = preSolution
		Debug|Any CPU = Debug|Any CPU
		Release|Any CPU = Release|Any CPU
	EndGlobalSection
	GlobalSection(ProjectConfigurationPlatforms) = postSolution
		{01195DD8-1C53-5EFC-5D42-69370A32AA2A}.Debug|Any CPU.ActiveCfg = Debug|Any CPU
		{01195DD8-1C53-5EFC-5D42-69370A32AA2A}.Debug|Any CPU.Build.0 = Debug|Any CPU
		{01195DD8-1C53-5EFC-5D42-69370A32AA2A}.Release|Any CPU.ActiveCfg = Release|Any CPU
		{01195DD8-1C53-5EFC-5D42-69370A32AA2A}.Release|Any CPU.Build.0 = Release|Any CPU
		{15D11C45-252F-7553-BAF1-4657DA3C7581}.Debug|Any CPU.ActiveCfg = Debug|Any CPU
		{15D11C45-252F-7553-BAF1-4657DA3C7581}.Debug|Any CPU.Build.0 = Debug|Any CPU
		{15D11C45-252F-7553-BAF1-4657DA3C7581}.Release|Any CPU.ActiveCfg = Release|Any CPU
		{15D11C45-252F-7553-BAF1-4657DA3C7581}.Release|Any CPU.Build.0 = Release|Any CPU
	EndGlobalSection
	GlobalSection(SolutionProperties) = preSolution
		HideSolutionNode = FALSE
	EndGlobalSection
	GlobalSection(MonoDevelopProperties) = preSolution
		StartupItem = Assembly-CSharp.csproj
	EndGlobalSection
EndGlobal
